
Microsoft Visual Studio Solution File, Format Version 12.00
# Visual Studio Version 17
VisualStudioVersion = 17.14.36221.1
MinimumVisualStudioVersion = 10.0.40219.1
Project("{FAE04EC0-301F-11D3-BF4B-00C04F79EFBC}") = "ReportEngine.App", "ReportEngine.App\ReportEngine.App.csproj", "{2198D869-B5D6-43FC-AB87-65E3682D5C3C}"
EndProject
Project("{FAE04EC0-301F-11D3-BF4B-00C04F79EFBC}") = "ReportEngine.Domain", "ReportEngine.Domain\ReportEngine.Domain.csproj", "{5679FE01-ABAB-463A-8445-0012C3CBE358}"
EndProject
Project("{FAE04EC0-301F-11D3-BF4B-00C04F79EFBC}") = "ReportEngine.Export", "ReportEngine.Export\ReportEngine.Export.csproj", "{BEA50399-7FCD-4529-814E-4CF2DFB7199D}"
EndProject
Project("{FAE04EC0-301F-11D3-BF4B-00C04F79EFBC}") = "ReportEngine.Shared", "ReportEngine.Shared\ReportEngine.Shared.csproj", "{B736A8AC-7515-43A1-AAC2-36805A19936A}"
EndProject
Project("{2150E333-8FDC-42A3-9474-1A3956D46DE8}") = "Solution Items", "Solution Items", "{36D591C7-65C7-A0D1-1CBC-10CDE441BDC8}"
	ProjectSection(SolutionItems) = preProject
		.editorconfig = .editorconfig
	EndProjectSection
EndProject
Project("{FAE04EC0-301F-11D3-BF4B-00C04F79EFBC}") = "ReportEngine.Tests", "ReportEngine.Tests\ReportEngine.Tests.csproj", "{5FAF4232-0AE4-432F-8997-80C07241D2BA}"
EndProject
Global
	GlobalSection(SolutionConfigurationPlatforms) = preSolution
		Debug|Any CPU = Debug|Any CPU
		Release|Any CPU = Release|Any CPU
	EndGlobalSection
	GlobalSection(ProjectConfigurationPlatforms) = postSolution
		{2198D869-B5D6-43FC-AB87-65E3682D5C3C}.Debug|Any CPU.ActiveCfg = Debug|Any CPU
		{2198D869-B5D6-43FC-AB87-65E3682D5C3C}.Debug|Any CPU.Build.0 = Debug|Any CPU
		{2198D869-B5D6-43FC-AB87-65E3682D5C3C}.Release|Any CPU.ActiveCfg = Release|Any CPU
		{2198D869-B5D6-43FC-AB87-65E3682D5C3C}.Release|Any CPU.Build.0 = Release|Any CPU
		{5679FE01-ABAB-463A-8445-0012C3CBE358}.Debug|Any CPU.ActiveCfg = Debug|Any CPU
		{5679FE01-ABAB-463A-8445-0012C3CBE358}.Debug|Any CPU.Build.0 = Debug|Any CPU
		{5679FE01-ABAB-463A-8445-0012C3CBE358}.Release|Any CPU.ActiveCfg = Release|Any CPU
		{5679FE01-ABAB-463A-8445-0012C3CBE358}.Release|Any CPU.Build.0 = Release|Any CPU
		{BEA50399-7FCD-4529-814E-4CF2DFB7199D}.Debug|Any CPU.ActiveCfg = Debug|Any CPU
		{BEA50399-7FCD-4529-814E-4CF2DFB7199D}.Debug|Any CPU.Build.0 = Debug|Any CPU
		{BEA50399-7FCD-4529-814E-4CF2DFB7199D}.Release|Any CPU.ActiveCfg = Release|Any CPU
		{BEA50399-7FCD-4529-814E-4CF2DFB7199D}.Release|Any CPU.Build.0 = Release|Any CPU
		{B736A8AC-7515-43A1-AAC2-36805A19936A}.Debug|Any CPU.ActiveCfg = Debug|Any CPU
		{B736A8AC-7515-43A1-AAC2-36805A19936A}.Debug|Any CPU.Build.0 = Debug|Any CPU
		{B736A8AC-7515-43A1-AAC2-36805A19936A}.Release|Any CPU.ActiveCfg = Release|Any CPU
		{B736A8AC-7515-43A1-AAC2-36805A19936A}.Release|Any CPU.Build.0 = Release|Any CPU
		{5FAF4232-0AE4-432F-8997-80C07241D2BA}.Debug|Any CPU.ActiveCfg = Debug|Any CPU
		{5FAF4232-0AE4-432F-8997-80C07241D2BA}.Debug|Any CPU.Build.0 = Debug|Any CPU
		{5FAF4232-0AE4-432F-8997-80C07241D2BA}.Release|Any CPU.ActiveCfg = Release|Any CPU
		{5FAF4232-0AE4-432F-8997-80C07241D2BA}.Release|Any CPU.Build.0 = Release|Any CPU
	EndGlobalSection
	GlobalSection(SolutionProperties) = preSolution
		HideSolutionNode = FALSE
	EndGlobalSection
	GlobalSection(ExtensibilityGlobals) = postSolution
		SolutionGuid = {B9AE9BB1-70F0-43CD-9A3D-90B64D581DC4}
	EndGlobalSection
EndGlobal
